
Microsoft Visual Studio Solution File, Format Version 12.00
# Visual Studio Version 17
VisualStudioVersion = 17.2.32616.157
MinimumVisualStudioVersion = 10.0.40219.1
Project("{FAE04EC0-301F-11D3-BF4B-00C04F79EFBC}") = "HW6", "HW6.csproj", "{1E39D875-0BA2-4AE2-8292-100A2258BB51}"
EndProject
Global
	GlobalSection(SolutionConfigurationPlatforms) = preSolution
		Debug|Any CPU = Debug|Any CPU
		Release|Any CPU = Release|Any CPU
	EndGlobalSection
	GlobalSection(ProjectConfigurationPlatforms) = postSolution
		{1E39D875-0BA2-4AE2-8292-100A2258BB51}.Debug|Any CPU.ActiveCfg = Debug|Any CPU
		{1E39D875-0BA2-4AE2-8292-100A2258BB51}.Debug|Any CPU.Build.0 = Debug|Any CPU
		{1E39D875-0BA2-4AE2-8292-100A2258BB51}.Release|Any CPU.ActiveCfg = Release|Any CPU
		{1E39D875-0BA2-4AE2-8292-100A2258BB51}.Release|Any CPU.Build.0 = Release|Any CPU
	EndGlobalSection
	GlobalSection(SolutionProperties) = preSolution
		HideSolutionNode = FALSE
	EndGlobalSection
	GlobalSection(ExtensibilityGlobals) = postSolution
		SolutionGuid = {32B913C0-3F8B-4815-AD71-1255309B5498}
	EndGlobalSection
EndGlobal
